
Microsoft Visual Studio Solution File, Format Version 12.00
# Visual Studio 15
VisualStudioVersion = 15.0.28307.779
MinimumVisualStudioVersion = 10.0.40219.1
Project("{FAE04EC0-301F-11D3-BF4B-00C04F79EFBC}") = "ChelHackWeb", "ChelHackWeb\ChelHackWeb.csproj", "{0CC0A156-4733-48AA-B8D3-DCB56E8166A2}"
EndProject
Global
	GlobalSection(SolutionConfigurationPlatforms) = preSolution
		Debug|Any CPU = Debug|Any CPU
		Release|Any CPU = Release|Any CPU
	EndGlobalSection
	GlobalSection(ProjectConfigurationPlatforms) = postSolution
		{0CC0A156-4733-48AA-B8D3-DCB56E8166A2}.Debug|Any CPU.ActiveCfg = Debug|Any CPU
		{0CC0A156-4733-48AA-B8D3-DCB56E8166A2}.Debug|Any CPU.Build.0 = Debug|Any CPU
		{0CC0A156-4733-48AA-B8D3-DCB56E8166A2}.Release|Any CPU.ActiveCfg = Release|Any CPU
		{0CC0A156-4733-48AA-B8D3-DCB56E8166A2}.Release|Any CPU.Build.0 = Release|Any CPU
	EndGlobalSection
	GlobalSection(SolutionProperties) = preSolution
		HideSolutionNode = FALSE
	EndGlobalSection
	GlobalSection(ExtensibilityGlobals) = postSolution
		SolutionGuid = {12CF6A5D-7C5B-4226-B3C6-576086672833}
	EndGlobalSection
EndGlobal
